
Microsoft Visual Studio Solution File, Format Version 12.00
Project("{FAE04EC0-301F-11D3-BF4B-00C04F79EFBC}") = "AuthServer", "AuthServer\AuthServer.csproj", "{DEDB8DBF-A44C-4775-8B35-1A55FF860137}"
EndProject
Project("{FAE04EC0-301F-11D3-BF4B-00C04F79EFBC}") = "CustomerService", "CustomerService\CustomerService.csproj", "{5085C3E0-75B7-46E3-9C2F-4BB576ED1674}"
EndProject
Project("{FAE04EC0-301F-11D3-BF4B-00C04F79EFBC}") = "OrderService", "OrderService\OrderService.csproj", "{D874386A-C961-47B1-B069-F7738264B777}"
EndProject
Project("{FAE04EC0-301F-11D3-BF4B-00C04F79EFBC}") = "FoodService", "FoodService\FoodService.csproj", "{BCF55830-569B-43E8-9E75-13E48BB8BD46}"
EndProject
Project("{FAE04EC0-301F-11D3-BF4B-00C04F79EFBC}") = "ApiGateway", "ApiGateway\ApiGateway.csproj", "{6B0D6CBF-3136-4CEB-9CCC-A85B5F9A64CE}"
EndProject
Project("{FAE04EC0-301F-11D3-BF4B-00C04F79EFBC}") = "FoodOrderApis.Common", "FoodOrderApis.Common\FoodOrderApis.Common.csproj", "{15BD673B-CBF0-4254-9576-75E9E2D5804C}"
EndProject
Project("{2150E333-8FDC-42A3-9474-1A3956D46DE8}") = "Tests", "Tests", "{FA919878-864C-4963-B1FE-01626CB7EA02}"
EndProject
Project("{FAE04EC0-301F-11D3-BF4B-00C04F79EFBC}") = "AuthServer.Test", "AuthServer.Test\AuthServer.Test.csproj", "{6989DAA5-4862-42D4-B7EE-F3485F77C9F6}"
EndProject
Project("{FAE04EC0-301F-11D3-BF4B-00C04F79EFBC}") = "CustomerService.Test", "CustomerService.Test\CustomerService.Test.csproj", "{5FDCC726-AC4E-4374-9380-02E80C05E7C6}"
EndProject
Project("{FAE04EC0-301F-11D3-BF4B-00C04F79EFBC}") = "OrderService.Test", "OrderService.Test\OrderService.Test.csproj", "{364FED3C-02FB-4FC6-9C11-8B04D9ED1EE2}"
EndProject
Project("{FAE04EC0-301F-11D3-BF4B-00C04F79EFBC}") = "FoodService.Test", "FoodService.Test\FoodService.Test.csproj", "{DF8BB85E-253E-42DC-82EA-E281521FAD6A}"
EndProject
Global
	GlobalSection(SolutionConfigurationPlatforms) = preSolution
		Debug|Any CPU = Debug|Any CPU
		Release|Any CPU = Release|Any CPU
	EndGlobalSection
	GlobalSection(ProjectConfigurationPlatforms) = postSolution
		{DEDB8DBF-A44C-4775-8B35-1A55FF860137}.Debug|Any CPU.ActiveCfg = Debug|Any CPU
		{DEDB8DBF-A44C-4775-8B35-1A55FF860137}.Debug|Any CPU.Build.0 = Debug|Any CPU
		{DEDB8DBF-A44C-4775-8B35-1A55FF860137}.Release|Any CPU.ActiveCfg = Release|Any CPU
		{DEDB8DBF-A44C-4775-8B35-1A55FF860137}.Release|Any CPU.Build.0 = Release|Any CPU
		{5085C3E0-75B7-46E3-9C2F-4BB576ED1674}.Debug|Any CPU.ActiveCfg = Debug|Any CPU
		{5085C3E0-75B7-46E3-9C2F-4BB576ED1674}.Debug|Any CPU.Build.0 = Debug|Any CPU
		{5085C3E0-75B7-46E3-9C2F-4BB576ED1674}.Release|Any CPU.ActiveCfg = Release|Any CPU
		{5085C3E0-75B7-46E3-9C2F-4BB576ED1674}.Release|Any CPU.Build.0 = Release|Any CPU
		{D874386A-C961-47B1-B069-F7738264B777}.Debug|Any CPU.ActiveCfg = Debug|Any CPU
		{D874386A-C961-47B1-B069-F7738264B777}.Debug|Any CPU.Build.0 = Debug|Any CPU
		{D874386A-C961-47B1-B069-F7738264B777}.Release|Any CPU.ActiveCfg = Release|Any CPU
		{D874386A-C961-47B1-B069-F7738264B777}.Release|Any CPU.Build.0 = Release|Any CPU
		{BCF55830-569B-43E8-9E75-13E48BB8BD46}.Debug|Any CPU.ActiveCfg = Debug|Any CPU
		{BCF55830-569B-43E8-9E75-13E48BB8BD46}.Debug|Any CPU.Build.0 = Debug|Any CPU
		{BCF55830-569B-43E8-9E75-13E48BB8BD46}.Release|Any CPU.ActiveCfg = Release|Any CPU
		{BCF55830-569B-43E8-9E75-13E48BB8BD46}.Release|Any CPU.Build.0 = Release|Any CPU
		{6B0D6CBF-3136-4CEB-9CCC-A85B5F9A64CE}.Debug|Any CPU.ActiveCfg = Debug|Any CPU
		{6B0D6CBF-3136-4CEB-9CCC-A85B5F9A64CE}.Debug|Any CPU.Build.0 = Debug|Any CPU
		{6B0D6CBF-3136-4CEB-9CCC-A85B5F9A64CE}.Release|Any CPU.ActiveCfg = Release|Any CPU
		{6B0D6CBF-3136-4CEB-9CCC-A85B5F9A64CE}.Release|Any CPU.Build.0 = Release|Any CPU
		{15BD673B-CBF0-4254-9576-75E9E2D5804C}.Debug|Any CPU.ActiveCfg = Debug|Any CPU
		{15BD673B-CBF0-4254-9576-75E9E2D5804C}.Debug|Any CPU.Build.0 = Debug|Any CPU
		{15BD673B-CBF0-4254-9576-75E9E2D5804C}.Release|Any CPU.ActiveCfg = Release|Any CPU
		{15BD673B-CBF0-4254-9576-75E9E2D5804C}.Release|Any CPU.Build.0 = Release|Any CPU
		{6989DAA5-4862-42D4-B7EE-F3485F77C9F6}.Debug|Any CPU.ActiveCfg = Debug|Any CPU
		{6989DAA5-4862-42D4-B7EE-F3485F77C9F6}.Debug|Any CPU.Build.0 = Debug|Any CPU
		{6989DAA5-4862-42D4-B7EE-F3485F77C9F6}.Release|Any CPU.ActiveCfg = Release|Any CPU
		{6989DAA5-4862-42D4-B7EE-F3485F77C9F6}.Release|Any CPU.Build.0 = Release|Any CPU
		{5FDCC726-AC4E-4374-9380-02E80C05E7C6}.Debug|Any CPU.ActiveCfg = Debug|Any CPU
		{5FDCC726-AC4E-4374-9380-02E80C05E7C6}.Debug|Any CPU.Build.0 = Debug|Any CPU
		{5FDCC726-AC4E-4374-9380-02E80C05E7C6}.Release|Any CPU.ActiveCfg = Release|Any CPU
		{5FDCC726-AC4E-4374-9380-02E80C05E7C6}.Release|Any CPU.Build.0 = Release|Any CPU
		{364FED3C-02FB-4FC6-9C11-8B04D9ED1EE2}.Debug|Any CPU.ActiveCfg = Debug|Any CPU
		{364FED3C-02FB-4FC6-9C11-8B04D9ED1EE2}.Debug|Any CPU.Build.0 = Debug|Any CPU
		{364FED3C-02FB-4FC6-9C11-8B04D9ED1EE2}.Release|Any CPU.ActiveCfg = Release|Any CPU
		{364FED3C-02FB-4FC6-9C11-8B04D9ED1EE2}.Release|Any CPU.Build.0 = Release|Any CPU
		{DF8BB85E-253E-42DC-82EA-E281521FAD6A}.Debug|Any CPU.ActiveCfg = Debug|Any CPU
		{DF8BB85E-253E-42DC-82EA-E281521FAD6A}.Debug|Any CPU.Build.0 = Debug|Any CPU
		{DF8BB85E-253E-42DC-82EA-E281521FAD6A}.Release|Any CPU.ActiveCfg = Release|Any CPU
		{DF8BB85E-253E-42DC-82EA-E281521FAD6A}.Release|Any CPU.Build.0 = Release|Any CPU
	EndGlobalSection
	GlobalSection(NestedProjects) = preSolution
		{6989DAA5-4862-42D4-B7EE-F3485F77C9F6} = {FA919878-864C-4963-B1FE-01626CB7EA02}
		{5FDCC726-AC4E-4374-9380-02E80C05E7C6} = {FA919878-864C-4963-B1FE-01626CB7EA02}
		{364FED3C-02FB-4FC6-9C11-8B04D9ED1EE2} = {FA919878-864C-4963-B1FE-01626CB7EA02}
		{DF8BB85E-253E-42DC-82EA-E281521FAD6A} = {FA919878-864C-4963-B1FE-01626CB7EA02}
	EndGlobalSection
EndGlobal
